
Microsoft Visual Studio Solution File, Format Version 12.00
# Visual Studio Version 17
VisualStudioVersion = 17.10.35004.147
MinimumVisualStudioVersion = 10.0.40219.1
Project("{FAE04EC0-301F-11D3-BF4B-00C04F79EFBC}") = "MovieDB", "MovieDB\MovieDB.csproj", "{5558C5DB-D99F-4D01-A1DD-8A88B20C1C4F}"
EndProject
Project("{FAE04EC0-301F-11D3-BF4B-00C04F79EFBC}") = "MovieDB.Models", "MovieDB.Models\MovieDB.Models.csproj", "{F8C86DFF-5686-4939-8F33-9C0D6D31296F}"
EndProject
Project("{FAE04EC0-301F-11D3-BF4B-00C04F79EFBC}") = "MovieDB.BLL", "MovieDB.BLL\MovieDB.BLL.csproj", "{5EB5E4E1-6E09-4671-BD10-07C0F8891C72}"
EndProject
Project("{FAE04EC0-301F-11D3-BF4B-00C04F79EFBC}") = "MovieDB.DAL", "MovieDB.DAL\MovieDB.DAL.csproj", "{D6EECB00-63CE-4049-A5EC-451CA9B65861}"
EndProject
Global
	GlobalSection(SolutionConfigurationPlatforms) = preSolution
		Debug|Any CPU = Debug|Any CPU
		Release|Any CPU = Release|Any CPU
	EndGlobalSection
	GlobalSection(ProjectConfigurationPlatforms) = postSolution
		{5558C5DB-D99F-4D01-A1DD-8A88B20C1C4F}.Debug|Any CPU.ActiveCfg = Debug|Any CPU
		{5558C5DB-D99F-4D01-A1DD-8A88B20C1C4F}.Debug|Any CPU.Build.0 = Debug|Any CPU
		{5558C5DB-D99F-4D01-A1DD-8A88B20C1C4F}.Release|Any CPU.ActiveCfg = Release|Any CPU
		{5558C5DB-D99F-4D01-A1DD-8A88B20C1C4F}.Release|Any CPU.Build.0 = Release|Any CPU
		{F8C86DFF-5686-4939-8F33-9C0D6D31296F}.Debug|Any CPU.ActiveCfg = Debug|Any CPU
		{F8C86DFF-5686-4939-8F33-9C0D6D31296F}.Debug|Any CPU.Build.0 = Debug|Any CPU
		{F8C86DFF-5686-4939-8F33-9C0D6D31296F}.Release|Any CPU.ActiveCfg = Release|Any CPU
		{F8C86DFF-5686-4939-8F33-9C0D6D31296F}.Release|Any CPU.Build.0 = Release|Any CPU
		{5EB5E4E1-6E09-4671-BD10-07C0F8891C72}.Debug|Any CPU.ActiveCfg = Debug|Any CPU
		{5EB5E4E1-6E09-4671-BD10-07C0F8891C72}.Debug|Any CPU.Build.0 = Debug|Any CPU
		{5EB5E4E1-6E09-4671-BD10-07C0F8891C72}.Release|Any CPU.ActiveCfg = Release|Any CPU
		{5EB5E4E1-6E09-4671-BD10-07C0F8891C72}.Release|Any CPU.Build.0 = Release|Any CPU
		{D6EECB00-63CE-4049-A5EC-451CA9B65861}.Debug|Any CPU.ActiveCfg = Debug|Any CPU
		{D6EECB00-63CE-4049-A5EC-451CA9B65861}.Debug|Any CPU.Build.0 = Debug|Any CPU
		{D6EECB00-63CE-4049-A5EC-451CA9B65861}.Release|Any CPU.ActiveCfg = Release|Any CPU
		{D6EECB00-63CE-4049-A5EC-451CA9B65861}.Release|Any CPU.Build.0 = Release|Any CPU
	EndGlobalSection
	GlobalSection(SolutionProperties) = preSolution
		HideSolutionNode = FALSE
	EndGlobalSection
	GlobalSection(ExtensibilityGlobals) = postSolution
		SolutionGuid = {31A37404-A7D5-45F3-AEF3-9DB57670DB78}
	EndGlobalSection
EndGlobal
